
Microsoft Visual Studio Solution File, Format Version 12.00
# Visual Studio 15
VisualStudioVersion = 15.0.27703.2035
MinimumVisualStudioVersion = 10.0.40219.1
Project("{F2A71F9B-5D33-465A-A702-920D77279786}") = "PdfCompressor", "PdfCompressor\PdfCompressor.fsproj", "{E11737E0-C682-4502-8A2B-834135A05D19}"
EndProject
Global
	GlobalSection(SolutionConfigurationPlatforms) = preSolution
		Debug|Any CPU = Debug|Any CPU
		Release|Any CPU = Release|Any CPU
	EndGlobalSection
	GlobalSection(ProjectConfigurationPlatforms) = postSolution
		{E11737E0-C682-4502-8A2B-834135A05D19}.Debug|Any CPU.ActiveCfg = Debug|Any CPU
		{E11737E0-C682-4502-8A2B-834135A05D19}.Debug|Any CPU.Build.0 = Debug|Any CPU
		{E11737E0-C682-4502-8A2B-834135A05D19}.Release|Any CPU.ActiveCfg = Release|Any CPU
		{E11737E0-C682-4502-8A2B-834135A05D19}.Release|Any CPU.Build.0 = Release|Any CPU
	EndGlobalSection
	GlobalSection(SolutionProperties) = preSolution
		HideSolutionNode = FALSE
	EndGlobalSection
	GlobalSection(ExtensibilityGlobals) = postSolution
		SolutionGuid = {47367E29-CCC7-40E6-A31A-500DA4B69341}
	EndGlobalSection
EndGlobal
